// !$*UTF8*$!
{
	archiveVersion = 1;
	classes = {
	};
	objectVersion = 56;
	objects = {

/* Begin PBXBuildFile section */
		0001 /* ClawBoxApp.swift in Sources */ = {isa = PBXBuildFile; fileRef = 0010 /* ClawBoxApp.swift */; };
		0002 /* ContentView.swift in Sources */ = {isa = PBXBuildFile; fileRef = 0011 /* ContentView.swift */; };
		0003 /* VaultManager.swift in Sources */ = {isa = PBXBuildFile; fileRef = 0012 /* VaultManager.swift */; };
		0004 /* Assets.xcassets in Resources */ = {isa = PBXBuildFile; fileRef = 0013 /* Assets.xcassets */; };
		0005 /* SettingsView.swift in Sources */ = {isa = PBXBuildFile; fileRef = 0014 /* SettingsView.swift */; };
		0006 /* BiometricAuth.swift in Sources */ = {isa = PBXBuildFile; fileRef = 0015 /* BiometricAuth.swift */; };
		0007 /* AutoLockService.swift in Sources */ = {isa = PBXBuildFile; fileRef = 0016 /* AutoLockService.swift */; };
/* End PBXBuildFile section */

/* Begin PBXFileReference section */
		0010 /* ClawBoxApp.swift */ = {isa = PBXFileReference; lastKnownFileType = sourcecode.swift; path = ClawBoxApp.swift; sourceTree = "<group>"; };
		0011 /* ContentView.swift */ = {isa = PBXFileReference; lastKnownFileType = sourcecode.swift; path = ContentView.swift; sourceTree = "<group>"; };
		0012 /* VaultManager.swift */ = {isa = PBXFileReference; lastKnownFileType = sourcecode.swift; path = VaultManager.swift; sourceTree = "<group>"; };
		0013 /* Assets.xcassets */ = {isa = PBXFileReference; lastKnownFileType = folder.assetcatalog; path = Assets.xcassets; sourceTree = "<group>"; };
		0014 /* SettingsView.swift */ = {isa = PBXFileReference; lastKnownFileType = sourcecode.swift; path = SettingsView.swift; sourceTree = "<group>"; };
		0015 /* BiometricAuth.swift */ = {isa = PBXFileReference; lastKnownFileType = sourcecode.swift; path = BiometricAuth.swift; sourceTree = "<group>"; };
		0016 /* AutoLockService.swift */ = {isa = PBXFileReference; lastKnownFileType = sourcecode.swift; path = AutoLockService.swift; sourceTree = "<group>"; };
		0020 /* ClawBox.app */ = {isa = PBXFileReference; explicitFileType = wrapper.application; includeInIndex = 0; path = ClawBox.app; sourceTree = BUILT_PRODUCTS_DIR; };
/* End PBXFileReference section */

/* Begin PBXFrameworksBuildPhase section */
		0030 /* Frameworks */ = {
			isa = PBXFrameworksBuildPhase;
			buildActionMask = 2147483647;
			files = (
			);
			runOnlyForDeploymentPostprocessing = 0;
		};
/* End PBXFrameworksBuildPhase section */

/* Begin PBXGroup section */
		0040 /* = */ = {
			isa = PBXGroup;
			children = (
				0041 /* ClawBox */,
				0042 /* Products */,
			);
			sourceTree = "<group>";
		};
		0041 /* ClawBox */ = {
			isa = PBXGroup;
			children = (
				0010 /* ClawBoxApp.swift */,
				0043 /* Views */,
				0044 /* Models */,
				0045 /* Services */,
				0013 /* Assets.xcassets */,
			);
			path = ClawBox;
			sourceTree = "<group>";
		};
		0042 /* Products */ = {
			isa = PBXGroup;
			children = (
				0020 /* ClawBox.app */,
			);
			name = Products;
			sourceTree = "<group>";
		};
		0043 /* Views */ = {
			isa = PBXGroup;
			children = (
				0011 /* ContentView.swift */,
				0014 /* SettingsView.swift */,
			);
			path = Views;
			sourceTree = "<group>";
		};
		0044 /* Models */ = {
			isa = PBXGroup;
			children = (
				0012 /* VaultManager.swift */,
			);
			path = Models;
			sourceTree = "<group>";
		};
		0045 /* Services */ = {
			isa = PBXGroup;
			children = (
				0015 /* BiometricAuth.swift */,
				0016 /* AutoLockService.swift */,
			);
			path = Services;
			sourceTree = "<group>";
		};
/* End PBXGroup section */

/* Begin PBXNativeTarget section */
		0050 /* ClawBox */ = {
			isa = PBXNativeTarget;
			buildConfigurationList = 0060 /* Build configuration list for PBXNativeTarget "ClawBox" */;
			buildPhases = (
				0051 /* Sources */,
				0030 /* Frameworks */,
				0052 /* Resources */,
			);
			buildRules = (
			);
			dependencies = (
			);
			name = ClawBox;
			productName = ClawBox;
			productReference = 0020 /* ClawBox.app */;
			productType = "com.apple.product-type.application";
		};
/* End PBXNativeTarget section */

/* Begin PBXProject section */
		0100 /* Project object */ = {
			isa = PBXProject;
			attributes = {
				BuildIndependentTargetsInParallel = 1;
				LastSwiftUpdateCheck = 1500;
				LastUpgradeCheck = 1500;
			};
			buildConfigurationList = 0101 /* Build configuration list for PBXProject "ClawBox" */;
			compatibilityVersion = "Xcode 14.0";
			developmentRegion = en;
			hasScannedForEncodings = 0;
			knownRegions = (
				en,
				Base,
			);
			mainGroup = 0040 /* = */;
			productRefGroup = 0042 /* Products */;
			projectDirPath = "";
			projectRoot = "";
			targets = (
				0050 /* ClawBox */,
			);
		};
/* End PBXProject section */

/* Begin PBXResourcesBuildPhase section */
		0052 /* Resources */ = {
			isa = PBXResourcesBuildPhase;
			buildActionMask = 2147483647;
			files = (
				0004 /* Assets.xcassets in Resources */,
			);
			runOnlyForDeploymentPostprocessing = 0;
		};
/* End PBXResourcesBuildPhase section */

/* Begin PBXSourcesBuildPhase section */
		0051 /* Sources */ = {
			isa = PBXSourcesBuildPhase;
			buildActionMask = 2147483647;
			files = (
				0001 /* ClawBoxApp.swift in Sources */,
				0002 /* ContentView.swift in Sources */,
				0003 /* VaultManager.swift in Sources */,
				0005 /* SettingsView.swift in Sources */,
				0006 /* BiometricAuth.swift in Sources */,
				0007 /* AutoLockService.swift in Sources */,
			);
			runOnlyForDeploymentPostprocessing = 0;
		};
/* End PBXSourcesBuildPhase section */

/* Begin XCBuildConfiguration section */
		0200 /* Debug */ = {
			isa = XCBuildConfiguration;
			buildSettings = {
				ALWAYS_SEARCH_USER_PATHS = NO;
				CLANG_ANALYZER_NONNULL = YES;
				CLANG_CXX_LANGUAGE_STANDARD = "gnu++20";
				CLANG_ENABLE_MODULES = YES;
				CLANG_ENABLE_OBJC_ARC = YES;
				COPY_PHASE_STRIP = NO;
				DEBUG_INFORMATION_FORMAT = dwarf;
				ENABLE_STRICT_OBJC_MSGSEND = YES;
				GCC_C_LANGUAGE_STANDARD = gnu17;
				GCC_DYNAMIC_NO_PIC = NO;
				GCC_OPTIMIZATION_LEVEL = 0;
				GCC_WARN_ABOUT_RETURN_TYPE = YES_ERROR;
				GCC_WARN_UNINITIALIZED_AUTOS = YES_AGGRESSIVE;
				MTL_ENABLE_DEBUG_INFO = INCLUDE_SOURCE;
				MTL_FAST_MATH = YES;
				ONLY_ACTIVE_ARCH = YES;
				SDKROOT = macosx;
				SWIFT_ACTIVE_COMPILATION_CONDITIONS = "DEBUG $(inherited)";
				SWIFT_OPTIMIZATION_LEVEL = "-Onone";
			};
			name = Debug;
		};
		0201 /* Release */ = {
			isa = XCBuildConfiguration;
			buildSettings = {
				ALWAYS_SEARCH_USER_PATHS = NO;
				CLANG_ANALYZER_NONNULL = YES;
				CLANG_CXX_LANGUAGE_STANDARD = "gnu++20";
				CLANG_ENABLE_MODULES = YES;
				CLANG_ENABLE_OBJC_ARC = YES;
				COPY_PHASE_STRIP = NO;
				DEBUG_INFORMATION_FORMAT = "dwarf-with-dsym";
				ENABLE_NS_ASSERTIONS = NO;
				ENABLE_STRICT_OBJC_MSGSEND = YES;
				GCC_C_LANGUAGE_STANDARD = gnu17;
				GCC_WARN_ABOUT_RETURN_TYPE = YES_ERROR;
				GCC_WARN_UNINITIALIZED_AUTOS = YES_AGGRESSIVE;
				MTL_ENABLE_DEBUG_INFO = NO;
				MTL_FAST_MATH = YES;
				SDKROOT = macosx;
				SWIFT_COMPILATION_MODE = wholemodule;
			};
			name = Release;
		};
		0300 /* Debug */ = {
			isa = XCBuildConfiguration;
			buildSettings = {
				ASSETCATALOG_COMPILER_APPICON_NAME = AppIcon;
				CODE_SIGN_ENTITLEMENTS = ClawBox/ClawBox.entitlements;
				CODE_SIGN_STYLE = Automatic;
				COMBINE_HIDPI_IMAGES = YES;
				CURRENT_PROJECT_VERSION = 1;
				DEVELOPMENT_TEAM = "";
				ENABLE_HARDENED_RUNTIME = YES;
				GENERATE_INFOPLIST_FILE = YES;
				INFOPLIST_KEY_LSApplicationCategoryType = "public.app-category.utilities";
				INFOPLIST_KEY_NSFaceIDUsageDescription = "Unlock ClawBox vault";
				INFOPLIST_KEY_NSHumanReadableCopyright = "Copyright © 2026 Harris Han. All rights reserved.";
				LD_RUNPATH_SEARCH_PATHS = (
					"$(inherited)",
					"@executable_path/../Frameworks",
				);
				MACOSX_DEPLOYMENT_TARGET = 13.0;
				MARKETING_VERSION = 0.4.0;
				PRODUCT_BUNDLE_IDENTIFIER = com.harrishan.ClawBox;
				PRODUCT_NAME = "$(TARGET_NAME)";
				SWIFT_EMIT_LOC_STRINGS = YES;
				SWIFT_VERSION = 5.0;
			};
			name = Debug;
		};
		0301 /* Release */ = {
			isa = XCBuildConfiguration;
			buildSettings = {
				ASSETCATALOG_COMPILER_APPICON_NAME = AppIcon;
				CODE_SIGN_ENTITLEMENTS = ClawBox/ClawBox.entitlements;
				CODE_SIGN_STYLE = Automatic;
				COMBINE_HIDPI_IMAGES = YES;
				CURRENT_PROJECT_VERSION = 1;
				DEVELOPMENT_TEAM = "";
				ENABLE_HARDENED_RUNTIME = YES;
				GENERATE_INFOPLIST_FILE = YES;
				INFOPLIST_KEY_LSApplicationCategoryType = "public.app-category.utilities";
				INFOPLIST_KEY_NSFaceIDUsageDescription = "Unlock ClawBox vault";
				INFOPLIST_KEY_NSHumanReadableCopyright = "Copyright © 2026 Harris Han. All rights reserved.";
				LD_RUNPATH_SEARCH_PATHS = (
					"$(inherited)",
					"@executable_path/../Frameworks",
				);
				MACOSX_DEPLOYMENT_TARGET = 13.0;
				MARKETING_VERSION = 0.4.0;
				PRODUCT_BUNDLE_IDENTIFIER = com.harrishan.ClawBox;
				PRODUCT_NAME = "$(TARGET_NAME)";
				SWIFT_EMIT_LOC_STRINGS = YES;
				SWIFT_VERSION = 5.0;
			};
			name = Release;
		};
/* End XCBuildConfiguration section */

/* Begin XCConfigurationList section */
		0060 /* Build configuration list for PBXNativeTarget "ClawBox" */ = {
			isa = XCConfigurationList;
			buildConfigurations = (
				0300 /* Debug */,
				0301 /* Release */,
			);
			defaultConfigurationIsVisible = 0;
			defaultConfigurationName = Release;
		};
		0101 /* Build configuration list for PBXProject "ClawBox" */ = {
			isa = XCConfigurationList;
			buildConfigurations = (
				0200 /* Debug */,
				0201 /* Release */,
			);
			defaultConfigurationIsVisible = 0;
			defaultConfigurationName = Release;
		};
/* End XCConfigurationList section */
	};
	rootObject = 0100 /* Project object */;
}
